github.com/pardnchiu/go-logger v0.1.0 h1:zJvPtfXvkhapOiuUQD8Tc97VlKKQgVDfV/sDNCvdpQI=
github.com/pardnchiu/go-logger v0.1.0/go.mod h1:319DihgvKxld7e22XIaNKW19+7r8VcfMpmsKfx9GUqg=
github.com/pardnchiu/go-logger v0.1.1 h1:M5neqC5V+AoDgaqT5IUv9k524mVPa/DnRs98rN6qpVo=
github.com/pardnchiu/go-logger v0.1.1/go.mod h1:319DihgvKxld7e22XIaNKW19+7r8VcfMpmsKfx9GUqg=
github.com/pardnchiu/go-logger v0.2.0 h1:kgt1InM0SQpzAjw9sl5j9wJGBnaYPnOde3jntnUs1JA=
github.com/pardnchiu/go-logger v0.2.0/go.mod h1:319DihgvKxld7e22XIaNKW19+7r8VcfMpmsKfx9GUqg=
